{
  "lockfile_version": "1",
  "packages": {
    "bun@1.2.18": {
      "last_modified": "2025-07-13T22:45:35Z",
      "resolved": "github:NixOS/nixpkgs/a421ac6595024edcfbb1ef950a3712b89161c359#bun",
      "source": "devbox-search",
      "version": "1.2.18",
      "systems": {
        "aarch64-darwin": {
          "outputs": [
            {
              "name": "out",
              "path": "/nix/store/x7zsxi7y9cjsymqkwlkrvwjqdiw944i1-bun-1.2.18",
              "default": true
            }
          ],
          "store_path": "/nix/store/x7zsxi7y9cjsymqkwlkrvwjqdiw944i1-bun-1.2.18"
        },
        "aarch64-linux": {
          "outputs": [
            {
              "name": "out",
              "path": "/nix/store/xxhv6ggq451c1nnhnx833bd3ws8wmfgb-bun-1.2.18",
              "default": true
            }
          ],
          "store_path": "/nix/store/xxhv6ggq451c1nnhnx833bd3ws8wmfgb-bun-1.2.18"
        },
        "x86_64-darwin": {
          "outputs": [
            {
              "name": "out",
              "path": "/nix/store/axgs0inbplgx0sqpkx9abprgggblpg5z-bun-1.2.18",
              "default": true
            }
          ],
          "store_path": "/nix/store/axgs0inbplgx0sqpkx9abprgggblpg5z-bun-1.2.18"
        },
        "x86_64-linux": {
          "outputs": [
            {
              "name": "out",
              "path": "/nix/store/597kf7nl99kp6rd1n6i5qqhfhz0m50vi-bun-1.2.18",
              "default": true
            }
          ],
          "store_path": "/nix/store/597kf7nl99kp6rd1n6i5qqhfhz0m50vi-bun-1.2.18"
        }
      }
    },
    "github:NixOS/nixpkgs/nixpkgs-unstable": {
      "resolved": "github:NixOS/nixpkgs/25d1b84f5c90632a623c48d83a2faf156451e6b1?lastModified=1742923925&narHash=sha256-biPjLws6FiBVUUDHEMFq5pUQL84Wf7PntPYdo3oKkFw%3D"
    }
  }
}
